
Microsoft Visual Studio Solution File, Format Version 12.00
# Visual Studio 15
VisualStudioVersion = 15.0.28307.489
MinimumVisualStudioVersion = 10.0.40219.1
Project("{FAE04EC0-301F-11D3-BF4B-00C04F79EFBC}") = "VitaDiet", "VitaDiet\VitaDiet.csproj", "{D3D799D1-C69F-4DA8-AA27-1B9E482E7BCD}"
EndProject
Project("{FAE04EC0-301F-11D3-BF4B-00C04F79EFBC}") = "VitaDiet.Tests", "VitaDiet.Tests\VitaDiet.Tests.csproj", "{8A6B18A2-ABBD-4413-A29E-54D0EE8EBC01}"
EndProject
Global
	GlobalSection(SolutionConfigurationPlatforms) = preSolution
		Debug|Any CPU = Debug|Any CPU
		Release|Any CPU = Release|Any CPU
	EndGlobalSection
	GlobalSection(ProjectConfigurationPlatforms) = postSolution
		{D3D799D1-C69F-4DA8-AA27-1B9E482E7BCD}.Debug|Any CPU.ActiveCfg = Debug|Any CPU
		{D3D799D1-C69F-4DA8-AA27-1B9E482E7BCD}.Debug|Any CPU.Build.0 = Debug|Any CPU
		{D3D799D1-C69F-4DA8-AA27-1B9E482E7BCD}.Release|Any CPU.ActiveCfg = Release|Any CPU
		{D3D799D1-C69F-4DA8-AA27-1B9E482E7BCD}.Release|Any CPU.Build.0 = Release|Any CPU
		{8A6B18A2-ABBD-4413-A29E-54D0EE8EBC01}.Debug|Any CPU.ActiveCfg = Debug|Any CPU
		{8A6B18A2-ABBD-4413-A29E-54D0EE8EBC01}.Debug|Any CPU.Build.0 = Debug|Any CPU
		{8A6B18A2-ABBD-4413-A29E-54D0EE8EBC01}.Release|Any CPU.ActiveCfg = Release|Any CPU
		{8A6B18A2-ABBD-4413-A29E-54D0EE8EBC01}.Release|Any CPU.Build.0 = Release|Any CPU
	EndGlobalSection
	GlobalSection(SolutionProperties) = preSolution
		HideSolutionNode = FALSE
	EndGlobalSection
	GlobalSection(ExtensibilityGlobals) = postSolution
		SolutionGuid = {D10D578B-0D1B-41EB-96C3-B66EF68EBF29}
	EndGlobalSection
EndGlobal
